{
  "name": "sim-side-by-side-prototype",
  "version": "0.0.0",
  "lockfileVersion": 3,
  "requires": true,
  "packages": {
    "": {
      "name": "sim-side-by-side-prototype",
      "version": "0.0.0",
      "dependencies": {
        "digitaljs": "^0.14.2",
        "eecircuit-engine": "^1.8.0",
        "jsxgraph": "^1.13.3",
        "plotly.js-dist-min": "^3.0.0",
        "state-machine-cat": "^12.0.0"
      }
    },
    "node_modules/@dagrejs/dagre": {
      "version": "1.0.4",
      "resolved": "https://registry.npmjs.org/@dagrejs/dagre/-/dagre-1.0.4.tgz",
      "integrity": "sha512-jrEore+HhW1yg1Rsd9H1PPMcoEOD4bVh0WCXc6GqzyzubnJj4GaWGg8ETOrskTd/3n/g5LOzumGM4CCgpNLJNw==",
      "license": "MIT",
      "dependencies": {
        "@dagrejs/graphlib": "2.1.13"
      }
    },
    "node_modules/@dagrejs/graphlib": {
      "version": "2.1.13",
      "resolved": "https://registry.npmjs.org/@dagrejs/graphlib/-/graphlib-2.1.13.tgz",
      "integrity": "sha512-calbMa7Gcyo+/t23XBaqQqon8LlgE9regey4UVoikoenKBXvUnCUL3s9RP6USCxttfr0XWVICtYUuKMdehKqMw==",
      "license": "MIT",
      "engines": {
        "node": ">17.0.0"
      }
    },
    "node_modules/@hpcc-js/wasm-graphviz": {
      "version": "1.9.2",
      "resolved": "https://registry.npmjs.org/@hpcc-js/wasm-graphviz/-/wasm-graphviz-1.9.2.tgz",
      "integrity": "sha512-3zDMn1ISu8ldXKZFJJByhXNzh4eUdpmKLcdxVb82L/RRXTNIzX1l2R1unJVuqE+b5wDBD7+1eKSW188k3TMNpg==",
      "license": "Apache-2.0"
    },
    "node_modules/@joint/core": {
      "version": "4.1.3",
      "resolved": "https://registry.npmjs.org/@joint/core/-/core-4.1.3.tgz",
      "integrity": "sha512-X769blCoVxtx6NNm/cbHDXDOa+Gt7eZwrJMLnqJw8c5NkjmcYWCY1kA3ep8RfRRVG76f3QLNd9a8Q/aItI/WWw==",
      "license": "MPL-2.0"
    },
    "node_modules/@joint/layout-directed-graph": {
      "version": "4.1.4",
      "resolved": "https://registry.npmjs.org/@joint/layout-directed-graph/-/layout-directed-graph-4.1.4.tgz",
      "integrity": "sha512-m1FGv8Gg9DeCRq+VDOQzBJ8hLQn8vJLmrpU/Dl4b4jEsWiRm+ScU6XXZm5tPlbhMXl28F1//gKK5xJCrsJ7M/w==",
      "license": "MPL-2.0",
      "dependencies": {
        "@dagrejs/dagre": "~1.0.4",
        "@dagrejs/graphlib": "~2.1.13",
        "@joint/core": "~4.1.3"
      }
    },
    "node_modules/3vl": {
      "version": "1.0.1",
      "resolved": "https://registry.npmjs.org/3vl/-/3vl-1.0.1.tgz",
      "integrity": "sha512-Z75UMwicaLbb3p1FjL1cBxGq/rpJIv73h5LtHl3FWD7vfOSjxzU37LAYhyMYul4tZa0wZtsJHtqCYeisIsVlJw==",
      "license": "BSD-2-Clause"
    },
    "node_modules/ajv": {
      "version": "8.17.1",
      "resolved": "https://registry.npmjs.org/ajv/-/ajv-8.17.1.tgz",
      "integrity": "sha512-B/gBuNg5SiMTrPkC+A2+cW0RszwxYmn6VYxB/inlBStS5nx6xHIt/ehKRhIMhqusl7a8LjQoZnjCs5vhwxOQ1g==",
      "license": "MIT",
      "dependencies": {
        "fast-deep-equal": "^3.1.3",
        "fast-uri": "^3.0.1",
        "json-schema-traverse": "^1.0.0",
        "require-from-string": "^2.0.2"
      },
      "funding": {
        "type": "github",
        "url": "https://github.com/sponsors/epoberezkin"
      }
    },
    "node_modules/anynum": {
      "version": "1.0.1",
      "resolved": "https://registry.npmjs.org/anynum/-/anynum-1.0.1.tgz",
      "integrity": "sha512-N6//FLET/tXYNM/F6ABca1oH6fWB+KlTt909Le28WMDBk8oaT4vY17DCrwg2MvmuqUKt3Ni4N5dGJ/EoBgcO6A==",
      "funding": [
        {
          "type": "github",
          "url": "https://github.com/sponsors/NaturalIntelligence"
        }
      ],
      "license": "MIT"
    },
    "node_modules/digitaljs": {
      "version": "0.14.2",
      "resolved": "https://registry.npmjs.org/digitaljs/-/digitaljs-0.14.2.tgz",
      "integrity": "sha512-vUI4x4XlDCGe4N6xUjzAYYRX3HFY42dnWt51FHlJ5YgIvcd42lc+3eGF8BoXx/ZQb/H73q36H9H0DahQ0MHOog==",
      "license": "BSD-2-Clause",
      "dependencies": {
        "@joint/core": "~4.1.3",
        "@joint/layout-directed-graph": "~4.1.4",
        "3vl": "^1.0.1",
        "elkjs": "^0.11.0",
        "fastpriorityqueue": "^0.7.5",
        "jquery": "^3.7.1",
        "jquery-ui": "^1.14.1",
        "wavecanvas": "^1.1.1",
        "web-worker": "^1.5.0"
      }
    },
    "node_modules/eecircuit-engine": {
      "version": "1.8.0",
      "resolved": "https://registry.npmjs.org/eecircuit-engine/-/eecircuit-engine-1.8.0.tgz",
      "integrity": "sha512-surzfC0ZZYRN9X3sRN4w5RqTUypoEArTyMQJTXnBLguH10G+QKLp2LveXHybxyTZPLZVPTfahVw6J8U2caf1vg==",
      "license": "MIT"
    },
    "node_modules/elkjs": {
      "version": "0.11.1",
      "resolved": "https://registry.npmjs.org/elkjs/-/elkjs-0.11.1.tgz",
      "integrity": "sha512-zxxR9k+rx5ktMwT/FwyLdPCrq7xN6e4VGGHH8hA01vVYKjTFik7nHOxBnAYtrgYUB1RpAiLvA1/U2YraWxyKKg==",
      "license": "EPL-2.0"
    },
    "node_modules/fast-deep-equal": {
      "version": "3.1.3",
      "resolved": "https://registry.npmjs.org/fast-deep-equal/-/fast-deep-equal-3.1.3.tgz",
      "integrity": "sha512-f3qQ9oQy9j2AhBe/H9VC91wLmKBCCU/gDOnKNAYG5hswO7BLKj09Hc5HYNz9cGI++xlpDCIgDaitVs03ATR84Q==",
      "license": "MIT"
    },
    "node_modules/fast-uri": {
      "version": "3.1.8",
      "resolved": "https://registry.npmjs.org/fast-uri/-/fast-uri-3.1.8.tgz",
      "integrity": "sha512-GZMtZUTNRpOVIECoXwLNZS5xUGE+mVNbTB8h/7Rwh2TFWcBQiPzTgyZi05BF9UMZKkLJv8XBRJTlU7zg8+ZfMg==",
      "funding": [
        {
          "type": "github",
          "url": "https://github.com/sponsors/fastify"
        },
        {
          "type": "opencollective",
          "url": "https://opencollective.com/fastify"
        }
      ],
      "license": "BSD-3-Clause"
    },
    "node_modules/fast-xml-parser": {
      "version": "5.2.5",
      "resolved": "https://registry.npmjs.org/fast-xml-parser/-/fast-xml-parser-5.2.5.tgz",
      "integrity": "sha512-pfX9uG9Ki0yekDHx2SiuRIyFdyAr1kMIMitPvb0YBo8SUfKvia7w7FIyd/l6av85pFYRhZscS75MwMnbvY+hcQ==",
      "funding": [
        {
          "type": "github",
          "url": "https://github.com/sponsors/NaturalIntelligence"
        }
      ],
      "license": "MIT",
      "dependencies": {
        "strnum": "^2.1.0"
      },
      "bin": {
        "fxparser": "src/cli/cli.js"
      }
    },
    "node_modules/fastpriorityqueue": {
      "version": "0.7.5",
      "resolved": "https://registry.npmjs.org/fastpriorityqueue/-/fastpriorityqueue-0.7.5.tgz",
      "integrity": "sha512-3Pa0n9gwy8yIbEsT3m2j/E9DXgWvvjfiZjjqcJ+AdNKTAlVMIuFYrYG5Y3RHEM8O6cwv9hOpOWY/NaMfywoQVA==",
      "license": "Apache-2.0"
    },
    "node_modules/he": {
      "version": "1.2.0",
      "resolved": "https://registry.npmjs.org/he/-/he-1.2.0.tgz",
      "integrity": "sha512-F/1DnUGPopORZi0ni+CvrCgHQ5FyEAHRLSApuYWMmrbSwoN2Mn/7k+Gl38gJnR7yyDZk6WLXwiGod1JOWNDKGw==",
      "license": "MIT",
      "bin": {
        "he": "bin/he"
      }
    },
    "node_modules/jquery": {
      "version": "3.7.1",
      "resolved": "https://registry.npmjs.org/jquery/-/jquery-3.7.1.tgz",
      "integrity": "sha512-m4avr8yL8kmFN8psrbFFFmB/If14iN5o9nw/NgnnM+kybDJpRsAynV2BsfpTYrTRysYUdADVD7CkUUizgkpLfg==",
      "license": "MIT"
    },
    "node_modules/jquery-ui": {
      "version": "1.14.2",
      "resolved": "https://registry.npmjs.org/jquery-ui/-/jquery-ui-1.14.2.tgz",
      "integrity": "sha512-1gSl7PUjyipa2adSr780Ujk16faicrV7PjPPzPtvWk7tTqBnsqp67NNV9jZK2+BIxUPXWSnIUU/LBCgwgGZE+Q==",
      "license": "MIT",
      "dependencies": {
        "jquery": ">=1.12.0 <5.0.0"
      }
    },
    "node_modules/json-schema-traverse": {
      "version": "1.0.0",
      "resolved": "https://registry.npmjs.org/json-schema-traverse/-/json-schema-traverse-1.0.0.tgz",
      "integrity": "sha512-NM8/P9n3XjXhIZn1lLhkFaACTOURQXjWhV4BA/RnOv8xvgqtqpAX9IO4mRQxSx1Rlo4tqzeqb0sOlruaOy3dug==",
      "license": "MIT"
    },
    "node_modules/jsxgraph": {
      "version": "1.13.3",
      "resolved": "https://registry.npmjs.org/jsxgraph/-/jsxgraph-1.13.3.tgz",
      "integrity": "sha512-sUVTxB5mDPL5WIEeuo9nprymRymU1ojU2YDtpcK6JzcIe3DkxpQ/2uolGuJ3R0lH6tb3wCGY+1PgVhCVic6yjg==",
      "license": "(MIT OR LGPL-3.0-or-later)",
      "dependencies": {
        "jsxgraph": "^1.12.0"
      },
      "engines": {
        "node": ">=20.19.0"
      }
    },
    "node_modules/neotraverse": {
      "version": "0.6.18",
      "resolved": "https://registry.npmjs.org/neotraverse/-/neotraverse-0.6.18.tgz",
      "integrity": "sha512-Z4SmBUweYa09+o6pG+eASabEpP6QkQ70yHj351pQoEXIs8uHbaU2DWVmzBANKgflPa47A50PtB2+NgRpQvr7vA==",
      "license": "MIT",
      "engines": {
        "node": ">= 10"
      }
    },
    "node_modules/plotly.js-dist-min": {
      "version": "3.7.0",
      "resolved": "https://registry.npmjs.org/plotly.js-dist-min/-/plotly.js-dist-min-3.7.0.tgz",
      "integrity": "sha512-IRWNnBJZmKss3URDnicBK2nvt/VTSi/MD1GnUscAYFjwSuN6g/CTde5R1UC0RYtblehj8rkT4BL8r05e/c8j5Q==",
      "license": "MIT"
    },
    "node_modules/require-from-string": {
      "version": "2.0.2",
      "resolved": "https://registry.npmjs.org/require-from-string/-/require-from-string-2.0.2.tgz",
      "integrity": "sha512-Xf0nWe6RseziFMu+Ap9biiUbmplq6S9/p+7w7YXP/JBHhrUDDUhwa+vANyubuqfZWTveU//DYVGsDG7RKL/vEw==",
      "license": "MIT",
      "engines": {
        "node": ">=0.10.0"
      }
    },
    "node_modules/state-machine-cat": {
      "version": "12.0.25",
      "resolved": "https://registry.npmjs.org/state-machine-cat/-/state-machine-cat-12.0.25.tgz",
      "integrity": "sha512-7Ihp0B3nKuBg1bTOGoFO0eNmIWTDdVM1kUNO4lcLFDkNWBHulLHylQca54m4wwrwVJMhXHC8KiKKGybOQlRoUg==",
      "license": "MIT",
      "dependencies": {
        "@hpcc-js/wasm-graphviz": "1.9.2",
        "ajv": "8.17.1",
        "fast-xml-parser": "5.2.5",
        "he": "1.2.0",
        "neotraverse": "0.6.18"
      },
      "bin": {
        "smcat": "dist/cli/main.mjs",
        "state-machine-cat": "dist/cli/main.mjs"
      },
      "engines": {
        "node": "^18.17||>=20"
      }
    },
    "node_modules/strnum": {
      "version": "2.4.2",
      "resolved": "https://registry.npmjs.org/strnum/-/strnum-2.4.2.tgz",
      "integrity": "sha512-rDG3Ah4TV0k1hWvLSzkZtMmLN9+eS+h3knq4MP6A42Y3Yh5qGNnOUs1jJkoSr8FG5dsL28c7KgkIBzSEykqtuw==",
      "funding": [
        {
          "type": "github",
          "url": "https://github.com/sponsors/NaturalIntelligence"
        }
      ],
      "license": "MIT",
      "dependencies": {
        "anynum": "^1.0.1"
      }
    },
    "node_modules/wavecanvas": {
      "version": "1.1.1",
      "resolved": "https://registry.npmjs.org/wavecanvas/-/wavecanvas-1.1.1.tgz",
      "integrity": "sha512-r0X0gUB0bIWGJQDJLnI9uUmHQpCCQYWPVtjQmM3nRIAwD6p3pKsTR87Pk3Ro2F9QyGAjHMfusJFoeILRishQRA==",
      "license": "BSD-2-Clause",
      "dependencies": {
        "3vl": "^1.0.1"
      }
    },
    "node_modules/web-worker": {
      "version": "1.5.0",
      "resolved": "https://registry.npmjs.org/web-worker/-/web-worker-1.5.0.tgz",
      "integrity": "sha512-RiMReJrTAiA+mBjGONMnjVDP2u3p9R1vkcGz6gDIrOMT3oGuYwX2WRMYI9ipkphSuE5XKEhydbhNEJh4NY9mlw==",
      "license": "Apache-2.0"
    }
  }
}
